{
  "name": "npm-module-test",
  "version": "1.0.0",
  "lockfileVersion": 1,
  "requires": true,
  "dependencies": {
    "hannahs-npm-module": {
      "version": "1.1.0",
      "resolved": "https://registry.npmjs.org/hannahs-npm-module/-/hannahs-npm-module-1.1.0.tgz",
      "integrity": "sha512-OnTwINi0Wc//JkMNIjlxlfTduH2qsiU/jmFYPWqq5UgCqIfDowHzc67JYj6MrrPuDk3HWyqQ8wnpokCcvgu1lA=="
    }
  }
}
